
Microsoft Visual Studio Solution File, Format Version 12.00
# Visual Studio 15
VisualStudioVersion = 15.0.28010.2041
MinimumVisualStudioVersion = 10.0.40219.1
Project("{FAE04EC0-301F-11D3-BF4B-00C04F79EFBC}") = "Exceptions", "Exceptions\Exceptions.csproj", "{50C86762-327D-4AAB-A6C3-F3EB5B98B7D8}"
EndProject
Project("{FAE04EC0-301F-11D3-BF4B-00C04F79EFBC}") = "Exercise1", "Exercise1\Exercise1.csproj", "{A7978324-6ADE-46A9-9EB4-B3D7FBC8F22D}"
EndProject
Global
	GlobalSection(SolutionConfigurationPlatforms) = preSolution
		Debug|Any CPU = Debug|Any CPU
		Release|Any CPU = Release|Any CPU
	EndGlobalSection
	GlobalSection(ProjectConfigurationPlatforms) = postSolution
		{50C86762-327D-4AAB-A6C3-F3EB5B98B7D8}.Debug|Any CPU.ActiveCfg = Debug|Any CPU
		{50C86762-327D-4AAB-A6C3-F3EB5B98B7D8}.Debug|Any CPU.Build.0 = Debug|Any CPU
		{50C86762-327D-4AAB-A6C3-F3EB5B98B7D8}.Release|Any CPU.ActiveCfg = Release|Any CPU
		{50C86762-327D-4AAB-A6C3-F3EB5B98B7D8}.Release|Any CPU.Build.0 = Release|Any CPU
		{A7978324-6ADE-46A9-9EB4-B3D7FBC8F22D}.Debug|Any CPU.ActiveCfg = Debug|Any CPU
		{A7978324-6ADE-46A9-9EB4-B3D7FBC8F22D}.Debug|Any CPU.Build.0 = Debug|Any CPU
		{A7978324-6ADE-46A9-9EB4-B3D7FBC8F22D}.Release|Any CPU.ActiveCfg = Release|Any CPU
		{A7978324-6ADE-46A9-9EB4-B3D7FBC8F22D}.Release|Any CPU.Build.0 = Release|Any CPU
	EndGlobalSection
	GlobalSection(SolutionProperties) = preSolution
		HideSolutionNode = FALSE
	EndGlobalSection
	GlobalSection(ExtensibilityGlobals) = postSolution
		SolutionGuid = {478EF6A9-60F6-48E4-89E1-FA034486BDDA}
	EndGlobalSection
EndGlobal
