
Microsoft Visual Studio Solution File, Format Version 12.00
# Visual Studio 15
VisualStudioVersion = 15.0.28010.2041
MinimumVisualStudioVersion = 10.0.40219.1
Project("{FAE04EC0-301F-11D3-BF4B-00C04F79EFBC}") = "Loops", "Loops\Loops.csproj", "{E819576B-E7FC-439B-911F-4443CA0E9F88}"
EndProject
Project("{FAE04EC0-301F-11D3-BF4B-00C04F79EFBC}") = "Arrays", "Arrays\Arrays.csproj", "{EE0C63B7-40E7-42C9-BA51-B25CD3CC3AFC}"
EndProject
Global
	GlobalSection(SolutionConfigurationPlatforms) = preSolution
		Debug|Any CPU = Debug|Any CPU
		Release|Any CPU = Release|Any CPU
	EndGlobalSection
	GlobalSection(ProjectConfigurationPlatforms) = postSolution
		{E819576B-E7FC-439B-911F-4443CA0E9F88}.Debug|Any CPU.ActiveCfg = Debug|Any CPU
		{E819576B-E7FC-439B-911F-4443CA0E9F88}.Debug|Any CPU.Build.0 = Debug|Any CPU
		{E819576B-E7FC-439B-911F-4443CA0E9F88}.Release|Any CPU.ActiveCfg = Release|Any CPU
		{E819576B-E7FC-439B-911F-4443CA0E9F88}.Release|Any CPU.Build.0 = Release|Any CPU
		{EE0C63B7-40E7-42C9-BA51-B25CD3CC3AFC}.Debug|Any CPU.ActiveCfg = Debug|Any CPU
		{EE0C63B7-40E7-42C9-BA51-B25CD3CC3AFC}.Debug|Any CPU.Build.0 = Debug|Any CPU
		{EE0C63B7-40E7-42C9-BA51-B25CD3CC3AFC}.Release|Any CPU.ActiveCfg = Release|Any CPU
		{EE0C63B7-40E7-42C9-BA51-B25CD3CC3AFC}.Release|Any CPU.Build.0 = Release|Any CPU
	EndGlobalSection
	GlobalSection(SolutionProperties) = preSolution
		HideSolutionNode = FALSE
	EndGlobalSection
	GlobalSection(ExtensibilityGlobals) = postSolution
		SolutionGuid = {51C7D0CD-19B9-4DD3-B37C-9CD23ECD6499}
	EndGlobalSection
EndGlobal
