
Microsoft Visual Studio Solution File, Format Version 12.00
# Visual Studio 15
VisualStudioVersion = 15.0.28010.2041
MinimumVisualStudioVersion = 10.0.40219.1
Project("{FAE04EC0-301F-11D3-BF4B-00C04F79EFBC}") = "Collections", "Collections\Collections.csproj", "{3B5D3244-6D40-4A9D-A160-04864149BDC5}"
EndProject
Project("{FAE04EC0-301F-11D3-BF4B-00C04F79EFBC}") = "LINQ", "LINQ\LINQ.csproj", "{56C99ABA-B13B-43EB-9971-86925D16251B}"
EndProject
Project("{FAE04EC0-301F-11D3-BF4B-00C04F79EFBC}") = "Exercise1", "Exercise1\Exercise1.csproj", "{DC64F2BF-3F5E-4055-A363-9176E8B0756E}"
EndProject
Project("{FAE04EC0-301F-11D3-BF4B-00C04F79EFBC}") = "Exercise2", "Exercise2\Exercise2.csproj", "{F1884558-5A5E-4B32-99BC-D69B73F9F510}"
EndProject
Global
	GlobalSection(SolutionConfigurationPlatforms) = preSolution
		Debug|Any CPU = Debug|Any CPU
		Release|Any CPU = Release|Any CPU
	EndGlobalSection
	GlobalSection(ProjectConfigurationPlatforms) = postSolution
		{3B5D3244-6D40-4A9D-A160-04864149BDC5}.Debug|Any CPU.ActiveCfg = Debug|Any CPU
		{3B5D3244-6D40-4A9D-A160-04864149BDC5}.Debug|Any CPU.Build.0 = Debug|Any CPU
		{3B5D3244-6D40-4A9D-A160-04864149BDC5}.Release|Any CPU.ActiveCfg = Release|Any CPU
		{3B5D3244-6D40-4A9D-A160-04864149BDC5}.Release|Any CPU.Build.0 = Release|Any CPU
		{56C99ABA-B13B-43EB-9971-86925D16251B}.Debug|Any CPU.ActiveCfg = Debug|Any CPU
		{56C99ABA-B13B-43EB-9971-86925D16251B}.Debug|Any CPU.Build.0 = Debug|Any CPU
		{56C99ABA-B13B-43EB-9971-86925D16251B}.Release|Any CPU.ActiveCfg = Release|Any CPU
		{56C99ABA-B13B-43EB-9971-86925D16251B}.Release|Any CPU.Build.0 = Release|Any CPU
		{DC64F2BF-3F5E-4055-A363-9176E8B0756E}.Debug|Any CPU.ActiveCfg = Debug|Any CPU
		{DC64F2BF-3F5E-4055-A363-9176E8B0756E}.Debug|Any CPU.Build.0 = Debug|Any CPU
		{DC64F2BF-3F5E-4055-A363-9176E8B0756E}.Release|Any CPU.ActiveCfg = Release|Any CPU
		{DC64F2BF-3F5E-4055-A363-9176E8B0756E}.Release|Any CPU.Build.0 = Release|Any CPU
		{F1884558-5A5E-4B32-99BC-D69B73F9F510}.Debug|Any CPU.ActiveCfg = Debug|Any CPU
		{F1884558-5A5E-4B32-99BC-D69B73F9F510}.Debug|Any CPU.Build.0 = Debug|Any CPU
		{F1884558-5A5E-4B32-99BC-D69B73F9F510}.Release|Any CPU.ActiveCfg = Release|Any CPU
		{F1884558-5A5E-4B32-99BC-D69B73F9F510}.Release|Any CPU.Build.0 = Release|Any CPU
	EndGlobalSection
	GlobalSection(SolutionProperties) = preSolution
		HideSolutionNode = FALSE
	EndGlobalSection
	GlobalSection(ExtensibilityGlobals) = postSolution
		SolutionGuid = {B909F48E-16AB-4F8D-9C10-CEE1744CE592}
	EndGlobalSection
EndGlobal
