
Microsoft Visual Studio Solution File, Format Version 12.00
# Visual Studio 15
VisualStudioVersion = 15.0.28010.2041
MinimumVisualStudioVersion = 10.0.40219.1
Project("{FAE04EC0-301F-11D3-BF4B-00C04F79EFBC}") = "AcademyManagement", "AcademyManagement\AcademyManagement.csproj", "{DC30A1FD-1D0B-4357-ADCF-3643A465CA77}"
EndProject
Global
	GlobalSection(SolutionConfigurationPlatforms) = preSolution
		Debug|Any CPU = Debug|Any CPU
		Release|Any CPU = Release|Any CPU
	EndGlobalSection
	GlobalSection(ProjectConfigurationPlatforms) = postSolution
		{DC30A1FD-1D0B-4357-ADCF-3643A465CA77}.Debug|Any CPU.ActiveCfg = Debug|Any CPU
		{DC30A1FD-1D0B-4357-ADCF-3643A465CA77}.Debug|Any CPU.Build.0 = Debug|Any CPU
		{DC30A1FD-1D0B-4357-ADCF-3643A465CA77}.Release|Any CPU.ActiveCfg = Release|Any CPU
		{DC30A1FD-1D0B-4357-ADCF-3643A465CA77}.Release|Any CPU.Build.0 = Release|Any CPU
	EndGlobalSection
	GlobalSection(SolutionProperties) = preSolution
		HideSolutionNode = FALSE
	EndGlobalSection
	GlobalSection(ExtensibilityGlobals) = postSolution
		SolutionGuid = {F2D85EB4-ABF4-4488-898B-4861CDB08D1C}
	EndGlobalSection
EndGlobal
